// !$*UTF8*$!
{
	archiveVersion = 1;
	classes = {
	};
	objectVersion = 50;
	objects = {

/* Begin PBXBuildFile section */
		BA2076BC260F78FA00E790F8 /* AppDelegate.swift in Sources */ = {isa = PBXBuildFile; fileRef = BA2076BB260F78FA00E790F8 /* AppDelegate.swift */; };
		BA2076BE260F78FA00E790F8 /* SceneDelegate.swift in Sources */ = {isa = PBXBuildFile; fileRef = BA2076BD260F78FA00E790F8 /* SceneDelegate.swift */; };
		BA2076C5260F78FD00E790F8 /* Assets.xcassets in Resources */ = {isa = PBXBuildFile; fileRef = BA2076C4260F78FD00E790F8 /* Assets.xcassets */; };
		BA2076C8260F78FD00E790F8 /* LaunchScreen.storyboard in Resources */ = {isa = PBXBuildFile; fileRef = BA2076C6260F78FD00E790F8 /* LaunchScreen.storyboard */; };
		BA2076D3260F78FD00E790F8 /* SearchProductTests.swift in Sources */ = {isa = PBXBuildFile; fileRef = BA2076D2260F78FD00E790F8 /* SearchProductTests.swift */; };
		BA2076DE260F78FD00E790F8 /* ShopAppUITests.swift in Sources */ = {isa = PBXBuildFile; fileRef = BA2076DD260F78FD00E790F8 /* ShopAppUITests.swift */; };
		BA20771A260F7CF600E790F8 /* Constants.swift in Sources */ = {isa = PBXBuildFile; fileRef = BA207719260F7CF600E790F8 /* Constants.swift */; };
		BA20771F260F7DD500E790F8 /* ApiClient.swift in Sources */ = {isa = PBXBuildFile; fileRef = BA20771E260F7DD500E790F8 /* ApiClient.swift */; };
		BA207724260F7E1100E790F8 /* ProductsService.swift in Sources */ = {isa = PBXBuildFile; fileRef = BA207723260F7E1100E790F8 /* ProductsService.swift */; };
		BA207729260F7E2400E790F8 /* ItemsService.swift in Sources */ = {isa = PBXBuildFile; fileRef = BA207728260F7E2400E790F8 /* ItemsService.swift */; };
		BA207731260F7E5500E790F8 /* Product.swift in Sources */ = {isa = PBXBuildFile; fileRef = BA207730260F7E5500E790F8 /* Product.swift */; };
		BA207736260F7E6000E790F8 /* Item.swift in Sources */ = {isa = PBXBuildFile; fileRef = BA207735260F7E6000E790F8 /* Item.swift */; };
		BA20773B260F7FE100E790F8 /* Picture.swift in Sources */ = {isa = PBXBuildFile; fileRef = BA20773A260F7FE100E790F8 /* Picture.swift */; };
		BA207740260F80B100E790F8 /* Enums.swift in Sources */ = {isa = PBXBuildFile; fileRef = BA20773F260F80B100E790F8 /* Enums.swift */; };
		BA207745260F83D500E790F8 /* SearchResponse.swift in Sources */ = {isa = PBXBuildFile; fileRef = BA207744260F83D500E790F8 /* SearchResponse.swift */; };
		BA20774B260F84C100E790F8 /* search_response.json in Resources */ = {isa = PBXBuildFile; fileRef = BA20774A260F84C100E790F8 /* search_response.json */; };
		BA207753260F84D900E790F8 /* item_response.json in Resources */ = {isa = PBXBuildFile; fileRef = BA207752260F84D900E790F8 /* item_response.json */; };
		BA207765260F87E400E790F8 /* ItemTests.swift in Sources */ = {isa = PBXBuildFile; fileRef = BA207764260F87E400E790F8 /* ItemTests.swift */; };
		BA207773260F89C600E790F8 /* SellerAddress.swift in Sources */ = {isa = PBXBuildFile; fileRef = BA207772260F89C600E790F8 /* SellerAddress.swift */; };
		BA20777D260F916300E790F8 /* SearchProductViewController.swift in Sources */ = {isa = PBXBuildFile; fileRef = BA20777B260F916300E790F8 /* SearchProductViewController.swift */; };
		BA20777E260F916300E790F8 /* SearchProductViewController.xib in Resources */ = {isa = PBXBuildFile; fileRef = BA20777C260F916300E790F8 /* SearchProductViewController.xib */; };
		BA20778A260F91CA00E790F8 /* Montserrat-Bold.ttf in Resources */ = {isa = PBXBuildFile; fileRef = BA207789260F91CA00E790F8 /* Montserrat-Bold.ttf */; };
		BA20778F260F91D800E790F8 /* Montserrat-Medium.ttf in Resources */ = {isa = PBXBuildFile; fileRef = BA20778E260F91D800E790F8 /* Montserrat-Medium.ttf */; };
		BA207794260F91E200E790F8 /* Montserrat-Regular.ttf in Resources */ = {isa = PBXBuildFile; fileRef = BA207793260F91E200E790F8 /* Montserrat-Regular.ttf */; };
		BA207799260F91F100E790F8 /* Montserrat-SemiBold.ttf in Resources */ = {isa = PBXBuildFile; fileRef = BA207798260F91F100E790F8 /* Montserrat-SemiBold.ttf */; };
		BA20779F260F92AC00E790F8 /* UIFont+Extensions.swift in Sources */ = {isa = PBXBuildFile; fileRef = BA20779E260F92AC00E790F8 /* UIFont+Extensions.swift */; };
		BA2077A7260F92FF00E790F8 /* UIView+Extensions.swift in Sources */ = {isa = PBXBuildFile; fileRef = BA2077A6260F92FF00E790F8 /* UIView+Extensions.swift */; };
/* End PBXBuildFile section */

/* Begin PBXContainerItemProxy section */
		BA2076CF260F78FD00E790F8 /* PBXContainerItemProxy */ = {
			isa = PBXContainerItemProxy;
			containerPortal = BA2076B0260F78FA00E790F8 /* Project object */;
			proxyType = 1;
			remoteGlobalIDString = BA2076B7260F78FA00E790F8;
			remoteInfo = ShopApp;
		};
		BA2076DA260F78FD00E790F8 /* PBXContainerItemProxy */ = {
			isa = PBXContainerItemProxy;
			containerPortal = BA2076B0260F78FA00E790F8 /* Project object */;
			proxyType = 1;
			remoteGlobalIDString = BA2076B7260F78FA00E790F8;
			remoteInfo = ShopApp;
		};
/* End PBXContainerItemProxy section */

/* Begin PBXFileReference section */
		BA2076B8260F78FA00E790F8 /* ShopApp.app */ = {isa = PBXFileReference; explicitFileType = wrapper.application; includeInIndex = 0; path = ShopApp.app; sourceTree = BUILT_PRODUCTS_DIR; };
		BA2076BB260F78FA00E790F8 /* AppDelegate.swift */ = {isa = PBXFileReference; lastKnownFileType = sourcecode.swift; path = AppDelegate.swift; sourceTree = "<group>"; };
		BA2076BD260F78FA00E790F8 /* SceneDelegate.swift */ = {isa = PBXFileReference; lastKnownFileType = sourcecode.swift; path = SceneDelegate.swift; sourceTree = "<group>"; };
		BA2076C4260F78FD00E790F8 /* Assets.xcassets */ = {isa = PBXFileReference; lastKnownFileType = folder.assetcatalog; path = Assets.xcassets; sourceTree = "<group>"; };
		BA2076C7260F78FD00E790F8 /* Base */ = {isa = PBXFileReference; lastKnownFileType = file.storyboard; name = Base; path = Base.lproj/LaunchScreen.storyboard; sourceTree = "<group>"; };
		BA2076C9260F78FD00E790F8 /* Info.plist */ = {isa = PBXFileReference; lastKnownFileType = text.plist.xml; path = Info.plist; sourceTree = "<group>"; };
		BA2076CE260F78FD00E790F8 /* ShopAppTests.xctest */ = {isa = PBXFileReference; explicitFileType = wrapper.cfbundle; includeInIndex = 0; path = ShopAppTests.xctest; sourceTree = BUILT_PRODUCTS_DIR; };
		BA2076D2260F78FD00E790F8 /* SearchProductTests.swift */ = {isa = PBXFileReference; lastKnownFileType = sourcecode.swift; path = SearchProductTests.swift; sourceTree = "<group>"; };
		BA2076D4260F78FD00E790F8 /* Info.plist */ = {isa = PBXFileReference; lastKnownFileType = text.plist.xml; path = Info.plist; sourceTree = "<group>"; };
		BA2076D9260F78FD00E790F8 /* ShopAppUITests.xctest */ = {isa = PBXFileReference; explicitFileType = wrapper.cfbundle; includeInIndex = 0; path = ShopAppUITests.xctest; sourceTree = BUILT_PRODUCTS_DIR; };
		BA2076DD260F78FD00E790F8 /* ShopAppUITests.swift */ = {isa = PBXFileReference; lastKnownFileType = sourcecode.swift; path = ShopAppUITests.swift; sourceTree = "<group>"; };
		BA2076DF260F78FD00E790F8 /* Info.plist */ = {isa = PBXFileReference; lastKnownFileType = text.plist.xml; path = Info.plist; sourceTree = "<group>"; };
		BA207719260F7CF600E790F8 /* Constants.swift */ = {isa = PBXFileReference; lastKnownFileType = sourcecode.swift; path = Constants.swift; sourceTree = "<group>"; };
		BA20771E260F7DD500E790F8 /* ApiClient.swift */ = {isa = PBXFileReference; lastKnownFileType = sourcecode.swift; path = ApiClient.swift; sourceTree = "<group>"; };
		BA207723260F7E1100E790F8 /* ProductsService.swift */ = {isa = PBXFileReference; lastKnownFileType = sourcecode.swift; path = ProductsService.swift; sourceTree = "<group>"; };
		BA207728260F7E2400E790F8 /* ItemsService.swift */ = {isa = PBXFileReference; lastKnownFileType = sourcecode.swift; path = ItemsService.swift; sourceTree = "<group>"; };
		BA207730260F7E5500E790F8 /* Product.swift */ = {isa = PBXFileReference; lastKnownFileType = sourcecode.swift; path = Product.swift; sourceTree = "<group>"; };
		BA207735260F7E6000E790F8 /* Item.swift */ = {isa = PBXFileReference; lastKnownFileType = sourcecode.swift; path = Item.swift; sourceTree = "<group>"; };
		BA20773A260F7FE100E790F8 /* Picture.swift */ = {isa = PBXFileReference; lastKnownFileType = sourcecode.swift; path = Picture.swift; sourceTree = "<group>"; };
		BA20773F260F80B100E790F8 /* Enums.swift */ = {isa = PBXFileReference; lastKnownFileType = sourcecode.swift; path = Enums.swift; sourceTree = "<group>"; };
		BA207744260F83D500E790F8 /* SearchResponse.swift */ = {isa = PBXFileReference; lastKnownFileType = sourcecode.swift; path = SearchResponse.swift; sourceTree = "<group>"; };
		BA20774A260F84C100E790F8 /* search_response.json */ = {isa = PBXFileReference; fileEncoding = 4; lastKnownFileType = text.json; path = search_response.json; sourceTree = "<group>"; };
		BA207752260F84D900E790F8 /* item_response.json */ = {isa = PBXFileReference; fileEncoding = 4; lastKnownFileType = text.json; path = item_response.json; sourceTree = "<group>"; };
		BA207764260F87E400E790F8 /* ItemTests.swift */ = {isa = PBXFileReference; lastKnownFileType = sourcecode.swift; path = ItemTests.swift; sourceTree = "<group>"; };
		BA207772260F89C600E790F8 /* SellerAddress.swift */ = {isa = PBXFileReference; lastKnownFileType = sourcecode.swift; path = SellerAddress.swift; sourceTree = "<group>"; };
		BA20777B260F916300E790F8 /* SearchProductViewController.swift */ = {isa = PBXFileReference; lastKnownFileType = sourcecode.swift; path = SearchProductViewController.swift; sourceTree = "<group>"; };
		BA20777C260F916300E790F8 /* SearchProductViewController.xib */ = {isa = PBXFileReference; lastKnownFileType = file.xib; path = SearchProductViewController.xib; sourceTree = "<group>"; };
		BA207789260F91CA00E790F8 /* Montserrat-Bold.ttf */ = {isa = PBXFileReference; lastKnownFileType = file; path = "Montserrat-Bold.ttf"; sourceTree = "<group>"; };
		BA20778E260F91D800E790F8 /* Montserrat-Medium.ttf */ = {isa = PBXFileReference; lastKnownFileType = file; path = "Montserrat-Medium.ttf"; sourceTree = "<group>"; };
		BA207793260F91E200E790F8 /* Montserrat-Regular.ttf */ = {isa = PBXFileReference; lastKnownFileType = file; path = "Montserrat-Regular.ttf"; sourceTree = "<group>"; };
		BA207798260F91F100E790F8 /* Montserrat-SemiBold.ttf */ = {isa = PBXFileReference; lastKnownFileType = file; path = "Montserrat-SemiBold.ttf"; sourceTree = "<group>"; };
		BA20779E260F92AC00E790F8 /* UIFont+Extensions.swift */ = {isa = PBXFileReference; lastKnownFileType = sourcecode.swift; path = "UIFont+Extensions.swift"; sourceTree = "<group>"; };
		BA2077A6260F92FF00E790F8 /* UIView+Extensions.swift */ = {isa = PBXFileReference; lastKnownFileType = sourcecode.swift; path = "UIView+Extensions.swift"; sourceTree = "<group>"; };
/* End PBXFileReference section */

/* Begin PBXFrameworksBuildPhase section */
		BA2076B5260F78FA00E790F8 /* Frameworks */ = {
			isa = PBXFrameworksBuildPhase;
			buildActionMask = 2147483647;
			files = (
			);
			runOnlyForDeploymentPostprocessing = 0;
		};
		BA2076CB260F78FD00E790F8 /* Frameworks */ = {
			isa = PBXFrameworksBuildPhase;
			buildActionMask = 2147483647;
			files = (
			);
			runOnlyForDeploymentPostprocessing = 0;
		};
		BA2076D6260F78FD00E790F8 /* Frameworks */ = {
			isa = PBXFrameworksBuildPhase;
			buildActionMask = 2147483647;
			files = (
			);
			runOnlyForDeploymentPostprocessing = 0;
		};
/* End PBXFrameworksBuildPhase section */

/* Begin PBXGroup section */
		BA2076AF260F78FA00E790F8 = {
			isa = PBXGroup;
			children = (
				BA2076BA260F78FA00E790F8 /* ShopApp */,
				BA2076D1260F78FD00E790F8 /* ShopAppTests */,
				BA2076DC260F78FD00E790F8 /* ShopAppUITests */,
				BA2076B9260F78FA00E790F8 /* Products */,
			);
			sourceTree = "<group>";
		};
		BA2076B9260F78FA00E790F8 /* Products */ = {
			isa = PBXGroup;
			children = (
				BA2076B8260F78FA00E790F8 /* ShopApp.app */,
				BA2076CE260F78FD00E790F8 /* ShopAppTests.xctest */,
				BA2076D9260F78FD00E790F8 /* ShopAppUITests.xctest */,
			);
			name = Products;
			sourceTree = "<group>";
		};
		BA2076BA260F78FA00E790F8 /* ShopApp */ = {
			isa = PBXGroup;
			children = (
				BA2076F4260F796300E790F8 /* App */,
				BA207700260F79C200E790F8 /* Models */,
				BA2076FF260F79B300E790F8 /* Resources */,
				BA207704260F79CD00E790F8 /* Services */,
				BA2076F8260F799300E790F8 /* UI */,
				BA207705260F79D500E790F8 /* Utils */,
				BA207706260F7A9A00E790F8 /* ViewModels */,
			);
			path = ShopApp;
			sourceTree = "<group>";
		};
		BA2076D1260F78FD00E790F8 /* ShopAppTests */ = {
			isa = PBXGroup;
			children = (
				BA20775A260F851500E790F8 /* ModelTests */,
				BA207749260F849700E790F8 /* Assets */,
				BA2076D4260F78FD00E790F8 /* Info.plist */,
			);
			path = ShopAppTests;
			sourceTree = "<group>";
		};
		BA2076DC260F78FD00E790F8 /* ShopAppUITests */ = {
			isa = PBXGroup;
			children = (
				BA2076DD260F78FD00E790F8 /* ShopAppUITests.swift */,
				BA2076DF260F78FD00E790F8 /* Info.plist */,
			);
			path = ShopAppUITests;
			sourceTree = "<group>";
		};
		BA2076F4260F796300E790F8 /* App */ = {
			isa = PBXGroup;
			children = (
				BA2076C6260F78FD00E790F8 /* LaunchScreen.storyboard */,
				BA2076BB260F78FA00E790F8 /* AppDelegate.swift */,
				BA2076BD260F78FA00E790F8 /* SceneDelegate.swift */,
				BA2076C9260F78FD00E790F8 /* Info.plist */,
			);
			path = App;
			sourceTree = "<group>";
		};
		BA2076F8260F799300E790F8 /* UI */ = {
			isa = PBXGroup;
			children = (
				BA20777A260F913A00E790F8 /* SearchProducts */,
			);
			path = UI;
			sourceTree = "<group>";
		};
		BA2076FF260F79B300E790F8 /* Resources */ = {
			isa = PBXGroup;
			children = (
				BA2076C4260F78FD00E790F8 /* Assets.xcassets */,
			);
			path = Resources;
			sourceTree = "<group>";
		};
		BA207700260F79C200E790F8 /* Models */ = {
			isa = PBXGroup;
			children = (
				BA207730260F7E5500E790F8 /* Product.swift */,
				BA207735260F7E6000E790F8 /* Item.swift */,
				BA20773A260F7FE100E790F8 /* Picture.swift */,
				BA207744260F83D500E790F8 /* SearchResponse.swift */,
				BA207772260F89C600E790F8 /* SellerAddress.swift */,
			);
			path = Models;
			sourceTree = "<group>";
		};
		BA207704260F79CD00E790F8 /* Services */ = {
			isa = PBXGroup;
			children = (
				BA20771E260F7DD500E790F8 /* ApiClient.swift */,
				BA207723260F7E1100E790F8 /* ProductsService.swift */,
				BA207728260F7E2400E790F8 /* ItemsService.swift */,
			);
			path = Services;
			sourceTree = "<group>";
		};
		BA207705260F79D500E790F8 /* Utils */ = {
			isa = PBXGroup;
			children = (
				BA20779D260F929A00E790F8 /* Extensions */,
				BA207788260F91C000E790F8 /* Fonts */,
				BA207719260F7CF600E790F8 /* Constants.swift */,
				BA20773F260F80B100E790F8 /* Enums.swift */,
			);
			path = Utils;
			sourceTree = "<group>";
		};
		BA207706260F7A9A00E790F8 /* ViewModels */ = {
			isa = PBXGroup;
			children = (
			);
			path = ViewModels;
			sourceTree = "<group>";
		};
		BA207749260F849700E790F8 /* Assets */ = {
			isa = PBXGroup;
			children = (
				BA207752260F84D900E790F8 /* item_response.json */,
				BA20774A260F84C100E790F8 /* search_response.json */,
			);
			path = Assets;
			sourceTree = "<group>";
		};
		BA20775A260F851500E790F8 /* ModelTests */ = {
			isa = PBXGroup;
			children = (
				BA2076D2260F78FD00E790F8 /* SearchProductTests.swift */,
				BA207764260F87E400E790F8 /* ItemTests.swift */,
			);
			path = ModelTests;
			sourceTree = "<group>";
		};
		BA20777A260F913A00E790F8 /* SearchProducts */ = {
			isa = PBXGroup;
			children = (
				BA20777B260F916300E790F8 /* SearchProductViewController.swift */,
				BA20777C260F916300E790F8 /* SearchProductViewController.xib */,
			);
			path = SearchProducts;
			sourceTree = "<group>";
		};
		BA207788260F91C000E790F8 /* Fonts */ = {
			isa = PBXGroup;
			children = (
				BA207798260F91F100E790F8 /* Montserrat-SemiBold.ttf */,
				BA207793260F91E200E790F8 /* Montserrat-Regular.ttf */,
				BA20778E260F91D800E790F8 /* Montserrat-Medium.ttf */,
				BA207789260F91CA00E790F8 /* Montserrat-Bold.ttf */,
			);
			path = Fonts;
			sourceTree = "<group>";
		};
		BA20779D260F929A00E790F8 /* Extensions */ = {
			isa = PBXGroup;
			children = (
				BA20779E260F92AC00E790F8 /* UIFont+Extensions.swift */,
				BA2077A6260F92FF00E790F8 /* UIView+Extensions.swift */,
			);
			path = Extensions;
			sourceTree = "<group>";
		};
/* End PBXGroup section */

/* Begin PBXNativeTarget section */
		BA2076B7260F78FA00E790F8 /* ShopApp */ = {
			isa = PBXNativeTarget;
			buildConfigurationList = BA2076E2260F78FD00E790F8 /* Build configuration list for PBXNativeTarget "ShopApp" */;
			buildPhases = (
				BA2076B4260F78FA00E790F8 /* Sources */,
				BA2076B5260F78FA00E790F8 /* Frameworks */,
				BA2076B6260F78FA00E790F8 /* Resources */,
				BA207715260F7BFB00E790F8 /* SwiftLint */,
			);
			buildRules = (
			);
			dependencies = (
			);
			name = ShopApp;
			productName = ShopApp;
			productReference = BA2076B8260F78FA00E790F8 /* ShopApp.app */;
			productType = "com.apple.product-type.application";
		};
		BA2076CD260F78FD00E790F8 /* ShopAppTests */ = {
			isa = PBXNativeTarget;
			buildConfigurationList = BA2076E5260F78FD00E790F8 /* Build configuration list for PBXNativeTarget "ShopAppTests" */;
			buildPhases = (
				BA2076CA260F78FD00E790F8 /* Sources */,
				BA2076CB260F78FD00E790F8 /* Frameworks */,
				BA2076CC260F78FD00E790F8 /* Resources */,
			);
			buildRules = (
			);
			dependencies = (
				BA2076D0260F78FD00E790F8 /* PBXTargetDependency */,
			);
			name = ShopAppTests;
			productName = ShopAppTests;
			productReference = BA2076CE260F78FD00E790F8 /* ShopAppTests.xctest */;
			productType = "com.apple.product-type.bundle.unit-test";
		};
		BA2076D8260F78FD00E790F8 /* ShopAppUITests */ = {
			isa = PBXNativeTarget;
			buildConfigurationList = BA2076E8260F78FD00E790F8 /* Build configuration list for PBXNativeTarget "ShopAppUITests" */;
			buildPhases = (
				BA2076D5260F78FD00E790F8 /* Sources */,
				BA2076D6260F78FD00E790F8 /* Frameworks */,
				BA2076D7260F78FD00E790F8 /* Resources */,
			);
			buildRules = (
			);
			dependencies = (
				BA2076DB260F78FD00E790F8 /* PBXTargetDependency */,
			);
			name = ShopAppUITests;
			productName = ShopAppUITests;
			productReference = BA2076D9260F78FD00E790F8 /* ShopAppUITests.xctest */;
			productType = "com.apple.product-type.bundle.ui-testing";
		};
/* End PBXNativeTarget section */

/* Begin PBXProject section */
		BA2076B0260F78FA00E790F8 /* Project object */ = {
			isa = PBXProject;
			attributes = {
				LastSwiftUpdateCheck = 1240;
				LastUpgradeCheck = 1240;
				TargetAttributes = {
					BA2076B7260F78FA00E790F8 = {
						CreatedOnToolsVersion = 12.4;
					};
					BA2076CD260F78FD00E790F8 = {
						CreatedOnToolsVersion = 12.4;
						TestTargetID = BA2076B7260F78FA00E790F8;
					};
					BA2076D8260F78FD00E790F8 = {
						CreatedOnToolsVersion = 12.4;
						TestTargetID = BA2076B7260F78FA00E790F8;
					};
				};
			};
			buildConfigurationList = BA2076B3260F78FA00E790F8 /* Build configuration list for PBXProject "ShopApp" */;
			compatibilityVersion = "Xcode 9.3";
			developmentRegion = en;
			hasScannedForEncodings = 0;
			knownRegions = (
				en,
				Base,
			);
			mainGroup = BA2076AF260F78FA00E790F8;
			productRefGroup = BA2076B9260F78FA00E790F8 /* Products */;
			projectDirPath = "";
			projectRoot = "";
			targets = (
				BA2076B7260F78FA00E790F8 /* ShopApp */,
				BA2076CD260F78FD00E790F8 /* ShopAppTests */,
				BA2076D8260F78FD00E790F8 /* ShopAppUITests */,
			);
		};
/* End PBXProject section */

/* Begin PBXResourcesBuildPhase section */
		BA2076B6260F78FA00E790F8 /* Resources */ = {
			isa = PBXResourcesBuildPhase;
			buildActionMask = 2147483647;
			files = (
				BA207794260F91E200E790F8 /* Montserrat-Regular.ttf in Resources */,
				BA20778A260F91CA00E790F8 /* Montserrat-Bold.ttf in Resources */,
				BA20778F260F91D800E790F8 /* Montserrat-Medium.ttf in Resources */,
				BA207799260F91F100E790F8 /* Montserrat-SemiBold.ttf in Resources */,
				BA2076C8260F78FD00E790F8 /* LaunchScreen.storyboard in Resources */,
				BA20777E260F916300E790F8 /* SearchProductViewController.xib in Resources */,
				BA2076C5260F78FD00E790F8 /* Assets.xcassets in Resources */,
			);
			runOnlyForDeploymentPostprocessing = 0;
		};
		BA2076CC260F78FD00E790F8 /* Resources */ = {
			isa = PBXResourcesBuildPhase;
			buildActionMask = 2147483647;
			files = (
				BA207753260F84D900E790F8 /* item_response.json in Resources */,
				BA20774B260F84C100E790F8 /* search_response.json in Resources */,
			);
			runOnlyForDeploymentPostprocessing = 0;
		};
		BA2076D7260F78FD00E790F8 /* Resources */ = {
			isa = PBXResourcesBuildPhase;
			buildActionMask = 2147483647;
			files = (
			);
			runOnlyForDeploymentPostprocessing = 0;
		};
/* End PBXResourcesBuildPhase section */

/* Begin PBXShellScriptBuildPhase section */
		BA207715260F7BFB00E790F8 /* SwiftLint */ = {
			isa = PBXShellScriptBuildPhase;
			buildActionMask = 2147483647;
			files = (
			);
			inputFileListPaths = (
			);
			inputPaths = (
			);
			name = SwiftLint;
			outputFileListPaths = (
			);
			outputPaths = (
			);
			runOnlyForDeploymentPostprocessing = 0;
			shellPath = /bin/sh;
			shellScript = "if which swiftlint >/dev/null; then\n  swiftlint\nelse\n  echo \"warning: SwiftLint not installed, download from https://github.com/realm/SwiftLint\"\nfi\n";
		};
/* End PBXShellScriptBuildPhase section */

/* Begin PBXSourcesBuildPhase section */
		BA2076B4260F78FA00E790F8 /* Sources */ = {
			isa = PBXSourcesBuildPhase;
			buildActionMask = 2147483647;
			files = (
				BA207736260F7E6000E790F8 /* Item.swift in Sources */,
				BA207731260F7E5500E790F8 /* Product.swift in Sources */,
				BA20773B260F7FE100E790F8 /* Picture.swift in Sources */,
				BA2076BC260F78FA00E790F8 /* AppDelegate.swift in Sources */,
				BA2076BE260F78FA00E790F8 /* SceneDelegate.swift in Sources */,
				BA207773260F89C600E790F8 /* SellerAddress.swift in Sources */,
				BA20779F260F92AC00E790F8 /* UIFont+Extensions.swift in Sources */,
				BA20771A260F7CF600E790F8 /* Constants.swift in Sources */,
				BA207729260F7E2400E790F8 /* ItemsService.swift in Sources */,
				BA207745260F83D500E790F8 /* SearchResponse.swift in Sources */,
				BA20771F260F7DD500E790F8 /* ApiClient.swift in Sources */,
				BA20777D260F916300E790F8 /* SearchProductViewController.swift in Sources */,
				BA2077A7260F92FF00E790F8 /* UIView+Extensions.swift in Sources */,
				BA207724260F7E1100E790F8 /* ProductsService.swift in Sources */,
				BA207740260F80B100E790F8 /* Enums.swift in Sources */,
			);
			runOnlyForDeploymentPostprocessing = 0;
		};
		BA2076CA260F78FD00E790F8 /* Sources */ = {
			isa = PBXSourcesBuildPhase;
			buildActionMask = 2147483647;
			files = (
				BA207765260F87E400E790F8 /* ItemTests.swift in Sources */,
				BA2076D3260F78FD00E790F8 /* SearchProductTests.swift in Sources */,
			);
			runOnlyForDeploymentPostprocessing = 0;
		};
		BA2076D5260F78FD00E790F8 /* Sources */ = {
			isa = PBXSourcesBuildPhase;
			buildActionMask = 2147483647;
			files = (
				BA2076DE260F78FD00E790F8 /* ShopAppUITests.swift in Sources */,
			);
			runOnlyForDeploymentPostprocessing = 0;
		};
/* End PBXSourcesBuildPhase section */

/* Begin PBXTargetDependency section */
		BA2076D0260F78FD00E790F8 /* PBXTargetDependency */ = {
			isa = PBXTargetDependency;
			target = BA2076B7260F78FA00E790F8 /* ShopApp */;
			targetProxy = BA2076CF260F78FD00E790F8 /* PBXContainerItemProxy */;
		};
		BA2076DB260F78FD00E790F8 /* PBXTargetDependency */ = {
			isa = PBXTargetDependency;
			target = BA2076B7260F78FA00E790F8 /* ShopApp */;
			targetProxy = BA2076DA260F78FD00E790F8 /* PBXContainerItemProxy */;
		};
/* End PBXTargetDependency section */

/* Begin PBXVariantGroup section */
		BA2076C6260F78FD00E790F8 /* LaunchScreen.storyboard */ = {
			isa = PBXVariantGroup;
			children = (
				BA2076C7260F78FD00E790F8 /* Base */,
			);
			name = LaunchScreen.storyboard;
			sourceTree = "<group>";
		};
/* End PBXVariantGroup section */

/* Begin XCBuildConfiguration section */
		BA2076E0260F78FD00E790F8 /* Debug */ = {
			isa = XCBuildConfiguration;
			buildSettings = {
				ALWAYS_SEARCH_USER_PATHS = NO;
				CLANG_ANALYZER_NONNULL = YES;
				CLANG_ANALYZER_NUMBER_OBJECT_CONVERSION = YES_AGGRESSIVE;
				CLANG_CXX_LANGUAGE_STANDARD = "gnu++14";
				CLANG_CXX_LIBRARY = "libc++";
				CLANG_ENABLE_MODULES = YES;
				CLANG_ENABLE_OBJC_ARC = YES;
				CLANG_ENABLE_OBJC_WEAK = YES;
				CLANG_WARN_BLOCK_CAPTURE_AUTORELEASING = YES;
				CLANG_WARN_BOOL_CONVERSION = YES;
				CLANG_WARN_COMMA = YES;
				CLANG_WARN_CONSTANT_CONVERSION = YES;
				CLANG_WARN_DEPRECATED_OBJC_IMPLEMENTATIONS = YES;
				CLANG_WARN_DIRECT_OBJC_ISA_USAGE = YES_ERROR;
				CLANG_WARN_DOCUMENTATION_COMMENTS = YES;
				CLANG_WARN_EMPTY_BODY = YES;
				CLANG_WARN_ENUM_CONVERSION = YES;
				CLANG_WARN_INFINITE_RECURSION = YES;
				CLANG_WARN_INT_CONVERSION = YES;
				CLANG_WARN_NON_LITERAL_NULL_CONVERSION = YES;
				CLANG_WARN_OBJC_IMPLICIT_RETAIN_SELF = YES;
				CLANG_WARN_OBJC_LITERAL_CONVERSION = YES;
				CLANG_WARN_OBJC_ROOT_CLASS = YES_ERROR;
				CLANG_WARN_QUOTED_INCLUDE_IN_FRAMEWORK_HEADER = YES;
				CLANG_WARN_RANGE_LOOP_ANALYSIS = YES;
				CLANG_WARN_STRICT_PROTOTYPES = YES;
				CLANG_WARN_SUSPICIOUS_MOVE = YES;
				CLANG_WARN_UNGUARDED_AVAILABILITY = YES_AGGRESSIVE;
				CLANG_WARN_UNREACHABLE_CODE = YES;
				CLANG_WARN__DUPLICATE_METHOD_MATCH = YES;
				COPY_PHASE_STRIP = NO;
				DEBUG_INFORMATION_FORMAT = dwarf;
				ENABLE_STRICT_OBJC_MSGSEND = YES;
				ENABLE_TESTABILITY = YES;
				GCC_C_LANGUAGE_STANDARD = gnu11;
				GCC_DYNAMIC_NO_PIC = NO;
				GCC_NO_COMMON_BLOCKS = YES;
				GCC_OPTIMIZATION_LEVEL = 0;
				GCC_PREPROCESSOR_DEFINITIONS = (
					"DEBUG=1",
					"$(inherited)",
				);
				GCC_WARN_64_TO_32_BIT_CONVERSION = YES;
				GCC_WARN_ABOUT_RETURN_TYPE = YES_ERROR;
				GCC_WARN_UNDECLARED_SELECTOR = YES;
				GCC_WARN_UNINITIALIZED_AUTOS = YES_AGGRESSIVE;
				GCC_WARN_UNUSED_FUNCTION = YES;
				GCC_WARN_UNUSED_VARIABLE = YES;
				IPHONEOS_DEPLOYMENT_TARGET = 14.4;
				MTL_ENABLE_DEBUG_INFO = INCLUDE_SOURCE;
				MTL_FAST_MATH = YES;
				ONLY_ACTIVE_ARCH = YES;
				SDKROOT = iphoneos;
				SWIFT_ACTIVE_COMPILATION_CONDITIONS = DEBUG;
				SWIFT_OPTIMIZATION_LEVEL = "-Onone";
			};
			name = Debug;
		};
		BA2076E1260F78FD00E790F8 /* Release */ = {
			isa = XCBuildConfiguration;
			buildSettings = {
				ALWAYS_SEARCH_USER_PATHS = NO;
				CLANG_ANALYZER_NONNULL = YES;
				CLANG_ANALYZER_NUMBER_OBJECT_CONVERSION = YES_AGGRESSIVE;
				CLANG_CXX_LANGUAGE_STANDARD = "gnu++14";
				CLANG_CXX_LIBRARY = "libc++";
				CLANG_ENABLE_MODULES = YES;
				CLANG_ENABLE_OBJC_ARC = YES;
				CLANG_ENABLE_OBJC_WEAK = YES;
				CLANG_WARN_BLOCK_CAPTURE_AUTORELEASING = YES;
				CLANG_WARN_BOOL_CONVERSION = YES;
				CLANG_WARN_COMMA = YES;
				CLANG_WARN_CONSTANT_CONVERSION = YES;
				CLANG_WARN_DEPRECATED_OBJC_IMPLEMENTATIONS = YES;
				CLANG_WARN_DIRECT_OBJC_ISA_USAGE = YES_ERROR;
				CLANG_WARN_DOCUMENTATION_COMMENTS = YES;
				CLANG_WARN_EMPTY_BODY = YES;
				CLANG_WARN_ENUM_CONVERSION = YES;
				CLANG_WARN_INFINITE_RECURSION = YES;
				CLANG_WARN_INT_CONVERSION = YES;
				CLANG_WARN_NON_LITERAL_NULL_CONVERSION = YES;
				CLANG_WARN_OBJC_IMPLICIT_RETAIN_SELF = YES;
				CLANG_WARN_OBJC_LITERAL_CONVERSION = YES;
				CLANG_WARN_OBJC_ROOT_CLASS = YES_ERROR;
				CLANG_WARN_QUOTED_INCLUDE_IN_FRAMEWORK_HEADER = YES;
				CLANG_WARN_RANGE_LOOP_ANALYSIS = YES;
				CLANG_WARN_STRICT_PROTOTYPES = YES;
				CLANG_WARN_SUSPICIOUS_MOVE = YES;
				CLANG_WARN_UNGUARDED_AVAILABILITY = YES_AGGRESSIVE;
				CLANG_WARN_UNREACHABLE_CODE = YES;
				CLANG_WARN__DUPLICATE_METHOD_MATCH = YES;
				COPY_PHASE_STRIP = NO;
				DEBUG_INFORMATION_FORMAT = "dwarf-with-dsym";
				ENABLE_NS_ASSERTIONS = NO;
				ENABLE_STRICT_OBJC_MSGSEND = YES;
				GCC_C_LANGUAGE_STANDARD = gnu11;
				GCC_NO_COMMON_BLOCKS = YES;
				GCC_WARN_64_TO_32_BIT_CONVERSION = YES;
				GCC_WARN_ABOUT_RETURN_TYPE = YES_ERROR;
				GCC_WARN_UNDECLARED_SELECTOR = YES;
				GCC_WARN_UNINITIALIZED_AUTOS = YES_AGGRESSIVE;
				GCC_WARN_UNUSED_FUNCTION = YES;
				GCC_WARN_UNUSED_VARIABLE = YES;
				IPHONEOS_DEPLOYMENT_TARGET = 14.4;
				MTL_ENABLE_DEBUG_INFO = NO;
				MTL_FAST_MATH = YES;
				SDKROOT = iphoneos;
				SWIFT_COMPILATION_MODE = wholemodule;
				SWIFT_OPTIMIZATION_LEVEL = "-O";
				VALIDATE_PRODUCT = YES;
			};
			name = Release;
		};
		BA2076E3260F78FD00E790F8 /* Debug */ = {
			isa = XCBuildConfiguration;
			buildSettings = {
				ASSETCATALOG_COMPILER_APPICON_NAME = AppIcon;
				ASSETCATALOG_COMPILER_GLOBAL_ACCENT_COLOR_NAME = AccentColor;
				CODE_SIGN_STYLE = Automatic;
				DEVELOPMENT_TEAM = T75MZGQ769;
				INFOPLIST_FILE = ShopApp/App/Info.plist;
				IPHONEOS_DEPLOYMENT_TARGET = 13.0;
				LD_RUNPATH_SEARCH_PATHS = (
					"$(inherited)",
					"@executable_path/Frameworks",
				);
				PRODUCT_BUNDLE_IDENTIFIER = dev.andresrojas.ShopApp;
				PRODUCT_NAME = "$(TARGET_NAME)";
				SWIFT_VERSION = 5.0;
				TARGETED_DEVICE_FAMILY = "1,2";
			};
			name = Debug;
		};
		BA2076E4260F78FD00E790F8 /* Release */ = {
			isa = XCBuildConfiguration;
			buildSettings = {
				ASSETCATALOG_COMPILER_APPICON_NAME = AppIcon;
				ASSETCATALOG_COMPILER_GLOBAL_ACCENT_COLOR_NAME = AccentColor;
				CODE_SIGN_STYLE = Automatic;
				DEVELOPMENT_TEAM = T75MZGQ769;
				INFOPLIST_FILE = ShopApp/App/Info.plist;
				IPHONEOS_DEPLOYMENT_TARGET = 13.0;
				LD_RUNPATH_SEARCH_PATHS = (
					"$(inherited)",
					"@executable_path/Frameworks",
				);
				PRODUCT_BUNDLE_IDENTIFIER = dev.andresrojas.ShopApp;
				PRODUCT_NAME = "$(TARGET_NAME)";
				SWIFT_VERSION = 5.0;
				TARGETED_DEVICE_FAMILY = "1,2";
			};
			name = Release;
		};
		BA2076E6260F78FD00E790F8 /* Debug */ = {
			isa = XCBuildConfiguration;
			buildSettings = {
				ALWAYS_EMBED_SWIFT_STANDARD_LIBRARIES = YES;
				BUNDLE_LOADER = "$(TEST_HOST)";
				CODE_SIGN_STYLE = Automatic;
				DEVELOPMENT_TEAM = T75MZGQ769;
				INFOPLIST_FILE = ShopAppTests/Info.plist;
				IPHONEOS_DEPLOYMENT_TARGET = 14.4;
				LD_RUNPATH_SEARCH_PATHS = (
					"$(inherited)",
					"@executable_path/Frameworks",
					"@loader_path/Frameworks",
				);
				PRODUCT_BUNDLE_IDENTIFIER = dev.andresrojas.ShopAppTests;
				PRODUCT_NAME = "$(TARGET_NAME)";
				SWIFT_VERSION = 5.0;
				TARGETED_DEVICE_FAMILY = "1,2";
				TEST_HOST = "$(BUILT_PRODUCTS_DIR)/ShopApp.app/ShopApp";
			};
			name = Debug;
		};
		BA2076E7260F78FD00E790F8 /* Release */ = {
			isa = XCBuildConfiguration;
			buildSettings = {
				ALWAYS_EMBED_SWIFT_STANDARD_LIBRARIES = YES;
				BUNDLE_LOADER = "$(TEST_HOST)";
				CODE_SIGN_STYLE = Automatic;
				DEVELOPMENT_TEAM = T75MZGQ769;
				INFOPLIST_FILE = ShopAppTests/Info.plist;
				IPHONEOS_DEPLOYMENT_TARGET = 14.4;
				LD_RUNPATH_SEARCH_PATHS = (
					"$(inherited)",
					"@executable_path/Frameworks",
					"@loader_path/Frameworks",
				);
				PRODUCT_BUNDLE_IDENTIFIER = dev.andresrojas.ShopAppTests;
				PRODUCT_NAME = "$(TARGET_NAME)";
				SWIFT_VERSION = 5.0;
				TARGETED_DEVICE_FAMILY = "1,2";
				TEST_HOST = "$(BUILT_PRODUCTS_DIR)/ShopApp.app/ShopApp";
			};
			name = Release;
		};
		BA2076E9260F78FD00E790F8 /* Debug */ = {
			isa = XCBuildConfiguration;
			buildSettings = {
				ALWAYS_EMBED_SWIFT_STANDARD_LIBRARIES = YES;
				CODE_SIGN_STYLE = Automatic;
				DEVELOPMENT_TEAM = T75MZGQ769;
				INFOPLIST_FILE = ShopAppUITests/Info.plist;
				LD_RUNPATH_SEARCH_PATHS = (
					"$(inherited)",
					"@executable_path/Frameworks",
					"@loader_path/Frameworks",
				);
				PRODUCT_BUNDLE_IDENTIFIER = dev.andresrojas.ShopAppUITests;
				PRODUCT_NAME = "$(TARGET_NAME)";
				SWIFT_VERSION = 5.0;
				TARGETED_DEVICE_FAMILY = "1,2";
				TEST_TARGET_NAME = ShopApp;
			};
			name = Debug;
		};
		BA2076EA260F78FD00E790F8 /* Release */ = {
			isa = XCBuildConfiguration;
			buildSettings = {
				ALWAYS_EMBED_SWIFT_STANDARD_LIBRARIES = YES;
				CODE_SIGN_STYLE = Automatic;
				DEVELOPMENT_TEAM = T75MZGQ769;
				INFOPLIST_FILE = ShopAppUITests/Info.plist;
				LD_RUNPATH_SEARCH_PATHS = (
					"$(inherited)",
					"@executable_path/Frameworks",
					"@loader_path/Frameworks",
				);
				PRODUCT_BUNDLE_IDENTIFIER = dev.andresrojas.ShopAppUITests;
				PRODUCT_NAME = "$(TARGET_NAME)";
				SWIFT_VERSION = 5.0;
				TARGETED_DEVICE_FAMILY = "1,2";
				TEST_TARGET_NAME = ShopApp;
			};
			name = Release;
		};
/* End XCBuildConfiguration section */

/* Begin XCConfigurationList section */
		BA2076B3260F78FA00E790F8 /* Build configuration list for PBXProject "ShopApp" */ = {
			isa = XCConfigurationList;
			buildConfigurations = (
				BA2076E0260F78FD00E790F8 /* Debug */,
				BA2076E1260F78FD00E790F8 /* Release */,
			);
			defaultConfigurationIsVisible = 0;
			defaultConfigurationName = Release;
		};
		BA2076E2260F78FD00E790F8 /* Build configuration list for PBXNativeTarget "ShopApp" */ = {
			isa = XCConfigurationList;
			buildConfigurations = (
				BA2076E3260F78FD00E790F8 /* Debug */,
				BA2076E4260F78FD00E790F8 /* Release */,
			);
			defaultConfigurationIsVisible = 0;
			defaultConfigurationName = Release;
		};
		BA2076E5260F78FD00E790F8 /* Build configuration list for PBXNativeTarget "ShopAppTests" */ = {
			isa = XCConfigurationList;
			buildConfigurations = (
				BA2076E6260F78FD00E790F8 /* Debug */,
				BA2076E7260F78FD00E790F8 /* Release */,
			);
			defaultConfigurationIsVisible = 0;
			defaultConfigurationName = Release;
		};
		BA2076E8260F78FD00E790F8 /* Build configuration list for PBXNativeTarget "ShopAppUITests" */ = {
			isa = XCConfigurationList;
			buildConfigurations = (
				BA2076E9260F78FD00E790F8 /* Debug */,
				BA2076EA260F78FD00E790F8 /* Release */,
			);
			defaultConfigurationIsVisible = 0;
			defaultConfigurationName = Release;
		};
/* End XCConfigurationList section */
	};
	rootObject = BA2076B0260F78FA00E790F8 /* Project object */;
}
