{
  "object": {
    "pins": [
      {
        "package": "Lottie",
        "repositoryURL": "https://github.com/airbnb/lottie-ios.git",
        "state": {
          "branch": null,
          "revision": "b3c60ba1716baab6faeeb217d8ce1da336f92718",
          "version": "3.2.1"
        }
      },
      {
        "package": "SDWebImage",
        "repositoryURL": "https://github.com/SDWebImage/SDWebImage.git",
        "state": {
          "branch": null,
          "revision": "a6b6e44eadf0d39250c10a7cc0e3b91d0bdb0e94",
          "version": "5.10.4"
        }
      }
    ]
  },
  "version": 1
}
